
Microsoft Visual Studio Solution File, Format Version 12.00
# Visual Studio Version 17
VisualStudioVersion = 17.5.33502.453
MinimumVisualStudioVersion = 10.0.40219.1
Project("{FAE04EC0-301F-11D3-BF4B-00C04F79EFBC}") = "Real-Time Inventory Management Program", "Real-Time Inventory Management Program.csproj", "{30876D67-4223-4FB9-B610-5E1256910A75}"
EndProject
Global
	GlobalSection(SolutionConfigurationPlatforms) = preSolution
		Debug|Any CPU = Debug|Any CPU
		Release|Any CPU = Release|Any CPU
	EndGlobalSection
	GlobalSection(ProjectConfigurationPlatforms) = postSolution
		{30876D67-4223-4FB9-B610-5E1256910A75}.Debug|Any CPU.ActiveCfg = Debug|Any CPU
		{30876D67-4223-4FB9-B610-5E1256910A75}.Debug|Any CPU.Build.0 = Debug|Any CPU
		{30876D67-4223-4FB9-B610-5E1256910A75}.Release|Any CPU.ActiveCfg = Release|Any CPU
		{30876D67-4223-4FB9-B610-5E1256910A75}.Release|Any CPU.Build.0 = Release|Any CPU
	EndGlobalSection
	GlobalSection(SolutionProperties) = preSolution
		HideSolutionNode = FALSE
	EndGlobalSection
	GlobalSection(ExtensibilityGlobals) = postSolution
		SolutionGuid = {144D35AB-0F0A-4FC7-8C9D-5BC70335205C}
	EndGlobalSection
EndGlobal
